
Microsoft Visual Studio Solution File, Format Version 12.00
# Visual Studio Version 16
VisualStudioVersion = 16.0.31205.134
MinimumVisualStudioVersion = 10.0.40219.1
Project("{8BC9CEB8-8B4A-11D0-8D11-00A0C91BC942}") = "Laborotory 44", "Laborotory 44\Laborotory 44.vcxproj", "{14E4E94A-76D4-4FB2-9A17-01631EFCCACA}"
EndProject
Global
	GlobalSection(SolutionConfigurationPlatforms) = preSolution
		Debug|x64 = Debug|x64
		Debug|x86 = Debug|x86
		Release|x64 = Release|x64
		Release|x86 = Release|x86
	EndGlobalSection
	GlobalSection(ProjectConfigurationPlatforms) = postSolution
		{14E4E94A-76D4-4FB2-9A17-01631EFCCACA}.Debug|x64.ActiveCfg = Debug|x64
		{14E4E94A-76D4-4FB2-9A17-01631EFCCACA}.Debug|x64.Build.0 = Debug|x64
		{14E4E94A-76D4-4FB2-9A17-01631EFCCACA}.Debug|x86.ActiveCfg = Debug|Win32
		{14E4E94A-76D4-4FB2-9A17-01631EFCCACA}.Debug|x86.Build.0 = Debug|Win32
		{14E4E94A-76D4-4FB2-9A17-01631EFCCACA}.Release|x64.ActiveCfg = Release|x64
		{14E4E94A-76D4-4FB2-9A17-01631EFCCACA}.Release|x64.Build.0 = Release|x64
		{14E4E94A-76D4-4FB2-9A17-01631EFCCACA}.Release|x86.ActiveCfg = Release|Win32
		{14E4E94A-76D4-4FB2-9A17-01631EFCCACA}.Release|x86.Build.0 = Release|Win32
	EndGlobalSection
	GlobalSection(SolutionProperties) = preSolution
		HideSolutionNode = FALSE
	EndGlobalSection
	GlobalSection(ExtensibilityGlobals) = postSolution
		SolutionGuid = {D6900C17-FB4A-4C6E-ACEF-D543B03665B2}
	EndGlobalSection
EndGlobal
